# This file is automatically @generated by Cargo.
# It is not intended for manual editing.
version = 4

[[package]]
name = "gitserious"
version = "0.1.0"
dependencies = [
 "gitserious-app",
 "gitserious-cli",
 "gitserious-core",
 "gitserious-fs",
]

[[package]]
name = "gitserious-app"
version = "0.1.0"
dependencies = [
 "gitserious-core",
]

[[package]]
name = "gitserious-cli"
version = "0.1.0"

[[package]]
name = "gitserious-core"
version = "0.1.0"

[[package]]
name = "gitserious-fs"
version = "0.1.0"
